
Microsoft Visual Studio Solution File, Format Version 12.00
# Visual Studio Version 17
VisualStudioVersion = 17.6.33815.320
MinimumVisualStudioVersion = 10.0.40219.1
Project("{9A19103F-16F7-4668-BE54-9A1E7A4F7556}") = "API", "API\API.csproj", "{DFF6F350-740F-48F8-8FF7-6750CA16A34C}"
EndProject
Project("{9A19103F-16F7-4668-BE54-9A1E7A4F7556}") = "Data", "Data\Data.csproj", "{6EBEABD3-4E9D-4CA2-8A29-0F4DE4DAA624}"
EndProject
Project("{9A19103F-16F7-4668-BE54-9A1E7A4F7556}") = "Models", "Models\Models.csproj", "{EC68020F-9E6A-4A03-9289-2DBEA6471213}"
EndProject
Project("{FAE04EC0-301F-11D3-BF4B-00C04F79EFBC}") = "Utilidades", "Utilidades\Utilidades.csproj", "{5E05211B-CBA0-4E70-832C-1DB8C34AB814}"
EndProject
Project("{FAE04EC0-301F-11D3-BF4B-00C04F79EFBC}") = "BLL", "BLL\BLL.csproj", "{2FB743AC-0780-4ED8-BAD7-3F2C150E430B}"
EndProject
Global
	GlobalSection(SolutionConfigurationPlatforms) = preSolution
		Debug|Any CPU = Debug|Any CPU
		Release|Any CPU = Release|Any CPU
	EndGlobalSection
	GlobalSection(ProjectConfigurationPlatforms) = postSolution
		{DFF6F350-740F-48F8-8FF7-6750CA16A34C}.Debug|Any CPU.ActiveCfg = Debug|Any CPU
		{DFF6F350-740F-48F8-8FF7-6750CA16A34C}.Debug|Any CPU.Build.0 = Debug|Any CPU
		{DFF6F350-740F-48F8-8FF7-6750CA16A34C}.Release|Any CPU.ActiveCfg = Release|Any CPU
		{DFF6F350-740F-48F8-8FF7-6750CA16A34C}.Release|Any CPU.Build.0 = Release|Any CPU
		{6EBEABD3-4E9D-4CA2-8A29-0F4DE4DAA624}.Debug|Any CPU.ActiveCfg = Debug|Any CPU
		{6EBEABD3-4E9D-4CA2-8A29-0F4DE4DAA624}.Debug|Any CPU.Build.0 = Debug|Any CPU
		{6EBEABD3-4E9D-4CA2-8A29-0F4DE4DAA624}.Release|Any CPU.ActiveCfg = Release|Any CPU
		{6EBEABD3-4E9D-4CA2-8A29-0F4DE4DAA624}.Release|Any CPU.Build.0 = Release|Any CPU
		{EC68020F-9E6A-4A03-9289-2DBEA6471213}.Debug|Any CPU.ActiveCfg = Debug|Any CPU
		{EC68020F-9E6A-4A03-9289-2DBEA6471213}.Debug|Any CPU.Build.0 = Debug|Any CPU
		{EC68020F-9E6A-4A03-9289-2DBEA6471213}.Release|Any CPU.ActiveCfg = Release|Any CPU
		{EC68020F-9E6A-4A03-9289-2DBEA6471213}.Release|Any CPU.Build.0 = Release|Any CPU
		{5E05211B-CBA0-4E70-832C-1DB8C34AB814}.Debug|Any CPU.ActiveCfg = Debug|Any CPU
		{5E05211B-CBA0-4E70-832C-1DB8C34AB814}.Debug|Any CPU.Build.0 = Debug|Any CPU
		{5E05211B-CBA0-4E70-832C-1DB8C34AB814}.Release|Any CPU.ActiveCfg = Release|Any CPU
		{5E05211B-CBA0-4E70-832C-1DB8C34AB814}.Release|Any CPU.Build.0 = Release|Any CPU
		{2FB743AC-0780-4ED8-BAD7-3F2C150E430B}.Debug|Any CPU.ActiveCfg = Debug|Any CPU
		{2FB743AC-0780-4ED8-BAD7-3F2C150E430B}.Debug|Any CPU.Build.0 = Debug|Any CPU
		{2FB743AC-0780-4ED8-BAD7-3F2C150E430B}.Release|Any CPU.ActiveCfg = Release|Any CPU
		{2FB743AC-0780-4ED8-BAD7-3F2C150E430B}.Release|Any CPU.Build.0 = Release|Any CPU
	EndGlobalSection
	GlobalSection(SolutionProperties) = preSolution
		HideSolutionNode = FALSE
	EndGlobalSection
	GlobalSection(ExtensibilityGlobals) = postSolution
		SolutionGuid = {D5F42EFF-1387-4241-A4B7-7C8ED1D61521}
	EndGlobalSection
EndGlobal
